
Microsoft Visual Studio Solution File, Format Version 12.00
# Visual Studio Version 17
VisualStudioVersion = 17.1.32407.343
MinimumVisualStudioVersion = 10.0.40219.1
Project("{FAE04EC0-301F-11D3-BF4B-00C04F79EFBC}") = "SortingAlgo", "SortingAlgo.csproj", "{4AFD798D-6256-43AE-B272-0BA4D55D919D}"
EndProject
Global
	GlobalSection(SolutionConfigurationPlatforms) = preSolution
		Debug|Any CPU = Debug|Any CPU
		Release|Any CPU = Release|Any CPU
	EndGlobalSection
	GlobalSection(ProjectConfigurationPlatforms) = postSolution
		{4AFD798D-6256-43AE-B272-0BA4D55D919D}.Debug|Any CPU.ActiveCfg = Debug|Any CPU
		{4AFD798D-6256-43AE-B272-0BA4D55D919D}.Debug|Any CPU.Build.0 = Debug|Any CPU
		{4AFD798D-6256-43AE-B272-0BA4D55D919D}.Release|Any CPU.ActiveCfg = Release|Any CPU
		{4AFD798D-6256-43AE-B272-0BA4D55D919D}.Release|Any CPU.Build.0 = Release|Any CPU
	EndGlobalSection
	GlobalSection(SolutionProperties) = preSolution
		HideSolutionNode = FALSE
	EndGlobalSection
	GlobalSection(ExtensibilityGlobals) = postSolution
		SolutionGuid = {D7B7AA63-B36C-4C88-9FC5-89EAD536FB71}
	EndGlobalSection
EndGlobal
